
Microsoft Visual Studio Solution File, Format Version 12.00
# Visual Studio 14
VisualStudioVersion = 14.0.25420.1
MinimumVisualStudioVersion = 10.0.40219.1
Project("{2150E333-8FDC-42A3-9474-1A3956D46DE8}") = "HX.Toys.Infrastructure", "HX.Toys.Infrastructure", "{DA7B5646-85E8-4A10-B8BE-6635958F881D}"
EndProject
Project("{FAE04EC0-301F-11D3-BF4B-00C04F79EFBC}") = "HX.Toys.Infrastructure", "HX.Toys.Infrastructure\HX.Toys.Infrastructure.csproj", "{21DE3C76-7E13-47BC-ADEA-4AA39F3274B9}"
EndProject
Project("{2150E333-8FDC-42A3-9474-1A3956D46DE8}") = "HX.Toys.Model", "HX.Toys.Model", "{0C3E838E-413D-42F8-9DDB-15EC1BE1F50C}"
EndProject
Project("{FAE04EC0-301F-11D3-BF4B-00C04F79EFBC}") = "HX.Toys.Model", "Domains\HX.Toys.Model.csproj", "{94547B9C-828A-45F8-B116-0412998B554F}"
EndProject
Project("{2150E333-8FDC-42A3-9474-1A3956D46DE8}") = "HX.Toys.EFSource", "HX.Toys.EFSource", "{13B598B6-76CE-469E-8FBD-9752546F8CE9}"
EndProject
Project("{FAE04EC0-301F-11D3-BF4B-00C04F79EFBC}") = "HX.Toys.EFSource", "HX.Toys.EFSource\HX.Toys.EFSource.csproj", "{C2863360-53B8-4374-9286-2A01834C290F}"
EndProject
Project("{2150E333-8FDC-42A3-9474-1A3956D46DE8}") = "HX.Toys.Repository", "HX.Toys.Repository", "{CAAF63E1-DC97-4D7E-BF52-C4283F5521FD}"
EndProject
Project("{FAE04EC0-301F-11D3-BF4B-00C04F79EFBC}") = "HX.Toys.Repository", "HX.Toys.Repository\HX.Toys.Repository.csproj", "{9CF908CE-899C-4F35-A138-6F8146E7EFE7}"
EndProject
Project("{2150E333-8FDC-42A3-9474-1A3956D46DE8}") = "HX.Toys.Test", "HX.Toys.Test", "{E1FFAC12-6A8E-417A-8F8E-644DD704857E}"
EndProject
Project("{FAE04EC0-301F-11D3-BF4B-00C04F79EFBC}") = "HX.Toys.WinTest", "HX.Toys.WinTest\HX.Toys.WinTest.csproj", "{44344D19-C835-4CA2-9DF3-91BD63373632}"
EndProject
Project("{FAE04EC0-301F-11D3-BF4B-00C04F79EFBC}") = "TestFunction", "TestFunction\TestFunction.csproj", "{EA895E13-A11B-441E-8C73-EAACF6828972}"
EndProject
Project("{2150E333-8FDC-42A3-9474-1A3956D46DE8}") = "TestAPI", "TestAPI", "{86413A8D-26F0-4D67-80D2-41B9141356AA}"
EndProject
Project("{FAE04EC0-301F-11D3-BF4B-00C04F79EFBC}") = "TestAPI.Repository", "TestAPI.Repository\TestAPI.Repository.csproj", "{D8343654-EB18-4123-9E05-0CF8A9500EE5}"
EndProject
Project("{FAE04EC0-301F-11D3-BF4B-00C04F79EFBC}") = "TestAPI.Service", "TestAPI.Service\TestAPI.Service.csproj", "{8FA5283C-A5CC-4631-9B4D-DE6D2D915C29}"
EndProject
Project("{FAE04EC0-301F-11D3-BF4B-00C04F79EFBC}") = "TestAPI.Model", "TestAPI.Model\TestAPI.Model.csproj", "{2C52FB70-9405-4837-89A8-9DDD3793243E}"
EndProject
Project("{FAE04EC0-301F-11D3-BF4B-00C04F79EFBC}") = "TestAPI.WebApi", "TestAPI.WebApi\TestAPI.WebApi.csproj", "{15998D69-A4F3-4EEC-B730-99079BFA32A8}"
EndProject
Global
	GlobalSection(SolutionConfigurationPlatforms) = preSolution
		Debug|Any CPU = Debug|Any CPU
		Release|Any CPU = Release|Any CPU
	EndGlobalSection
	GlobalSection(ProjectConfigurationPlatforms) = postSolution
		{21DE3C76-7E13-47BC-ADEA-4AA39F3274B9}.Debug|Any CPU.ActiveCfg = Debug|Any CPU
		{21DE3C76-7E13-47BC-ADEA-4AA39F3274B9}.Debug|Any CPU.Build.0 = Debug|Any CPU
		{21DE3C76-7E13-47BC-ADEA-4AA39F3274B9}.Release|Any CPU.ActiveCfg = Release|Any CPU
		{21DE3C76-7E13-47BC-ADEA-4AA39F3274B9}.Release|Any CPU.Build.0 = Release|Any CPU
		{94547B9C-828A-45F8-B116-0412998B554F}.Debug|Any CPU.ActiveCfg = Debug|Any CPU
		{94547B9C-828A-45F8-B116-0412998B554F}.Debug|Any CPU.Build.0 = Debug|Any CPU
		{94547B9C-828A-45F8-B116-0412998B554F}.Release|Any CPU.ActiveCfg = Release|Any CPU
		{94547B9C-828A-45F8-B116-0412998B554F}.Release|Any CPU.Build.0 = Release|Any CPU
		{C2863360-53B8-4374-9286-2A01834C290F}.Debug|Any CPU.ActiveCfg = Debug|Any CPU
		{C2863360-53B8-4374-9286-2A01834C290F}.Debug|Any CPU.Build.0 = Debug|Any CPU
		{C2863360-53B8-4374-9286-2A01834C290F}.Release|Any CPU.ActiveCfg = Release|Any CPU
		{C2863360-53B8-4374-9286-2A01834C290F}.Release|Any CPU.Build.0 = Release|Any CPU
		{9CF908CE-899C-4F35-A138-6F8146E7EFE7}.Debug|Any CPU.ActiveCfg = Debug|Any CPU
		{9CF908CE-899C-4F35-A138-6F8146E7EFE7}.Debug|Any CPU.Build.0 = Debug|Any CPU
		{9CF908CE-899C-4F35-A138-6F8146E7EFE7}.Release|Any CPU.ActiveCfg = Release|Any CPU
		{9CF908CE-899C-4F35-A138-6F8146E7EFE7}.Release|Any CPU.Build.0 = Release|Any CPU
		{44344D19-C835-4CA2-9DF3-91BD63373632}.Debug|Any CPU.ActiveCfg = Debug|Any CPU
		{44344D19-C835-4CA2-9DF3-91BD63373632}.Debug|Any CPU.Build.0 = Debug|Any CPU
		{44344D19-C835-4CA2-9DF3-91BD63373632}.Release|Any CPU.ActiveCfg = Release|Any CPU
		{44344D19-C835-4CA2-9DF3-91BD63373632}.Release|Any CPU.Build.0 = Release|Any CPU
		{EA895E13-A11B-441E-8C73-EAACF6828972}.Debug|Any CPU.ActiveCfg = Debug|Any CPU
		{EA895E13-A11B-441E-8C73-EAACF6828972}.Debug|Any CPU.Build.0 = Debug|Any CPU
		{EA895E13-A11B-441E-8C73-EAACF6828972}.Release|Any CPU.ActiveCfg = Release|Any CPU
		{EA895E13-A11B-441E-8C73-EAACF6828972}.Release|Any CPU.Build.0 = Release|Any CPU
		{D8343654-EB18-4123-9E05-0CF8A9500EE5}.Debug|Any CPU.ActiveCfg = Debug|Any CPU
		{D8343654-EB18-4123-9E05-0CF8A9500EE5}.Debug|Any CPU.Build.0 = Debug|Any CPU
		{D8343654-EB18-4123-9E05-0CF8A9500EE5}.Release|Any CPU.ActiveCfg = Release|Any CPU
		{D8343654-EB18-4123-9E05-0CF8A9500EE5}.Release|Any CPU.Build.0 = Release|Any CPU
		{8FA5283C-A5CC-4631-9B4D-DE6D2D915C29}.Debug|Any CPU.ActiveCfg = Debug|Any CPU
		{8FA5283C-A5CC-4631-9B4D-DE6D2D915C29}.Debug|Any CPU.Build.0 = Debug|Any CPU
		{8FA5283C-A5CC-4631-9B4D-DE6D2D915C29}.Release|Any CPU.ActiveCfg = Release|Any CPU
		{8FA5283C-A5CC-4631-9B4D-DE6D2D915C29}.Release|Any CPU.Build.0 = Release|Any CPU
		{2C52FB70-9405-4837-89A8-9DDD3793243E}.Debug|Any CPU.ActiveCfg = Debug|Any CPU
		{2C52FB70-9405-4837-89A8-9DDD3793243E}.Debug|Any CPU.Build.0 = Debug|Any CPU
		{2C52FB70-9405-4837-89A8-9DDD3793243E}.Release|Any CPU.ActiveCfg = Release|Any CPU
		{2C52FB70-9405-4837-89A8-9DDD3793243E}.Release|Any CPU.Build.0 = Release|Any CPU
		{15998D69-A4F3-4EEC-B730-99079BFA32A8}.Debug|Any CPU.ActiveCfg = Debug|Any CPU
		{15998D69-A4F3-4EEC-B730-99079BFA32A8}.Debug|Any CPU.Build.0 = Debug|Any CPU
		{15998D69-A4F3-4EEC-B730-99079BFA32A8}.Release|Any CPU.ActiveCfg = Release|Any CPU
		{15998D69-A4F3-4EEC-B730-99079BFA32A8}.Release|Any CPU.Build.0 = Release|Any CPU
	EndGlobalSection
	GlobalSection(SolutionProperties) = preSolution
		HideSolutionNode = FALSE
	EndGlobalSection
	GlobalSection(NestedProjects) = preSolution
		{21DE3C76-7E13-47BC-ADEA-4AA39F3274B9} = {DA7B5646-85E8-4A10-B8BE-6635958F881D}
		{94547B9C-828A-45F8-B116-0412998B554F} = {0C3E838E-413D-42F8-9DDB-15EC1BE1F50C}
		{C2863360-53B8-4374-9286-2A01834C290F} = {13B598B6-76CE-469E-8FBD-9752546F8CE9}
		{9CF908CE-899C-4F35-A138-6F8146E7EFE7} = {CAAF63E1-DC97-4D7E-BF52-C4283F5521FD}
		{44344D19-C835-4CA2-9DF3-91BD63373632} = {E1FFAC12-6A8E-417A-8F8E-644DD704857E}
		{EA895E13-A11B-441E-8C73-EAACF6828972} = {E1FFAC12-6A8E-417A-8F8E-644DD704857E}
		{86413A8D-26F0-4D67-80D2-41B9141356AA} = {E1FFAC12-6A8E-417A-8F8E-644DD704857E}
		{D8343654-EB18-4123-9E05-0CF8A9500EE5} = {86413A8D-26F0-4D67-80D2-41B9141356AA}
		{8FA5283C-A5CC-4631-9B4D-DE6D2D915C29} = {86413A8D-26F0-4D67-80D2-41B9141356AA}
		{2C52FB70-9405-4837-89A8-9DDD3793243E} = {86413A8D-26F0-4D67-80D2-41B9141356AA}
		{15998D69-A4F3-4EEC-B730-99079BFA32A8} = {86413A8D-26F0-4D67-80D2-41B9141356AA}
	EndGlobalSection
EndGlobal
